Microsoft Visual Studio Solution File, Format Version 11.00
# Visual Studio 2008

Project("{32CD21B6-641A-2638-74E5-012B7F39EECC}") = "flying-wings", "Assembly-CSharp-firstpass-vs.csproj", "{EE16C8B5-4D3E-A1EC-B67F-74F3C6E0A4B5}"
EndProject
Project("{32CD21B6-641A-2638-74E5-012B7F39EECC}") = "flying-wings", "Assembly-CSharp-vs.csproj", "{25187E2D-A7D6-96C0-3F2B-A33D1B3726FF}"
EndProject
Global
	GlobalSection(SolutionConfigurationPlatforms) = preSolution
		Debug|Any CPU = Debug|Any CPU
		Release|Any CPU = Release|Any CPU
	EndGlobalSection
	GlobalSection(ProjectConfigurationPlatforms) = postSolution
		{EE16C8B5-4D3E-A1EC-B67F-74F3C6E0A4B5}.Debug|Any CPU.ActiveCfg = Debug|Any CPU
		{EE16C8B5-4D3E-A1EC-B67F-74F3C6E0A4B5}.Debug|Any CPU.Build.0 = Debug|Any CPU
		{EE16C8B5-4D3E-A1EC-B67F-74F3C6E0A4B5}.Release|Any CPU.ActiveCfg = Release|Any CPU
		{EE16C8B5-4D3E-A1EC-B67F-74F3C6E0A4B5}.Release|Any CPU.Build.0 = Release|Any CPU
		{25187E2D-A7D6-96C0-3F2B-A33D1B3726FF}.Debug|Any CPU.ActiveCfg = Debug|Any CPU
		{25187E2D-A7D6-96C0-3F2B-A33D1B3726FF}.Debug|Any CPU.Build.0 = Debug|Any CPU
		{25187E2D-A7D6-96C0-3F2B-A33D1B3726FF}.Release|Any CPU.ActiveCfg = Release|Any CPU
		{25187E2D-A7D6-96C0-3F2B-A33D1B3726FF}.Release|Any CPU.Build.0 = Release|Any CPU
	EndGlobalSection
	GlobalSection(SolutionProperties) = preSolution
		HideSolutionNode = FALSE
	EndGlobalSection
																	GlobalSection(MonoDevelopProperties) = preSolution
		StartupItem = Assembly-CSharp.csproj
		Policies = $0
		$0.TextStylePolicy = $1
		$1.inheritsSet = null
		$1.scope = text/x-csharp
		$0.CSharpFormattingPolicy = $2
		$2.inheritsSet = Mono
		$2.inheritsScope = text/x-csharp
		$2.scope = text/x-csharp
		$0.TextStylePolicy = $3
		$3.FileWidth = 120
		$3.TabWidth = 4
		$3.EolMarker = Unix
		$3.inheritsSet = Mono
		$3.inheritsScope = text/plain
		$3.scope = text/plain
	EndGlobalSection

EndGlobal
